
Microsoft Visual Studio Solution File, Format Version 12.00
# Visual Studio Version 17
VisualStudioVersion = 17.3.32804.467
MinimumVisualStudioVersion = 10.0.40219.1
Project("{9A19103F-16F7-4668-BE54-9A1E7A4F7556}") = "SteamTradeCalculator", "SteamTradeCalculator.csproj", "{97A9F808-7129-4082-A840-2D969C0392D7}"
EndProject
Global
	GlobalSection(SolutionConfigurationPlatforms) = preSolution
		Debug|Any CPU = Debug|Any CPU
		Release|Any CPU = Release|Any CPU
	EndGlobalSection
	GlobalSection(ProjectConfigurationPlatforms) = postSolution
		{97A9F808-7129-4082-A840-2D969C0392D7}.Debug|Any CPU.ActiveCfg = Debug|Any CPU
		{97A9F808-7129-4082-A840-2D969C0392D7}.Debug|Any CPU.Build.0 = Debug|Any CPU
		{97A9F808-7129-4082-A840-2D969C0392D7}.Release|Any CPU.ActiveCfg = Release|Any CPU
		{97A9F808-7129-4082-A840-2D969C0392D7}.Release|Any CPU.Build.0 = Release|Any CPU
	EndGlobalSection
	GlobalSection(SolutionProperties) = preSolution
		HideSolutionNode = FALSE
	EndGlobalSection
	GlobalSection(ExtensibilityGlobals) = postSolution
		SolutionGuid = {9405A479-5E8C-44BB-B791-2B24346EB895}
	EndGlobalSection
EndGlobal
